
Microsoft Visual Studio Solution File, Format Version 12.00
# Visual Studio Version 17
VisualStudioVersion = 17.14.36414.22
MinimumVisualStudioVersion = 10.0.40219.1
Project("{FAE04EC0-301F-11D3-BF4B-00C04F79EFBC}") = "BulkyWeb", "BulkyWeb\BulkyWeb.csproj", "{F5791BC2-C627-483C-A77F-14BD56EE249D}"
EndProject
Project("{FAE04EC0-301F-11D3-BF4B-00C04F79EFBC}") = "BulkyWebRazor_Temp", "BulkyWebRazor_Temp\BulkyWebRazor_Temp.csproj", "{B6ABB985-8122-4A94-97D6-11CDE254ECDA}"
EndProject
Project("{FAE04EC0-301F-11D3-BF4B-00C04F79EFBC}") = "Bulky.DataAccess", "Bulky.DataAccess\Bulky.DataAccess.csproj", "{3440740A-E7D1-4C38-BFAF-3597BF535CB3}"
EndProject
Project("{FAE04EC0-301F-11D3-BF4B-00C04F79EFBC}") = "Bulky.Models", "Bulky.Models\Bulky.Models.csproj", "{13D6026C-2A0A-4EE3-9F77-AB0AA05CEEDE}"
EndProject
Project("{FAE04EC0-301F-11D3-BF4B-00C04F79EFBC}") = "Bulky.Utility", "Bulky.Utility\Bulky.Utility.csproj", "{7B630739-AA90-458D-A638-973145C7FC0F}"
EndProject
Global
	GlobalSection(SolutionConfigurationPlatforms) = preSolution
		Debug|Any CPU = Debug|Any CPU
		Release|Any CPU = Release|Any CPU
	EndGlobalSection
	GlobalSection(ProjectConfigurationPlatforms) = postSolution
		{F5791BC2-C627-483C-A77F-14BD56EE249D}.Debug|Any CPU.ActiveCfg = Debug|Any CPU
		{F5791BC2-C627-483C-A77F-14BD56EE249D}.Debug|Any CPU.Build.0 = Debug|Any CPU
		{F5791BC2-C627-483C-A77F-14BD56EE249D}.Release|Any CPU.ActiveCfg = Release|Any CPU
		{F5791BC2-C627-483C-A77F-14BD56EE249D}.Release|Any CPU.Build.0 = Release|Any CPU
		{B6ABB985-8122-4A94-97D6-11CDE254ECDA}.Debug|Any CPU.ActiveCfg = Debug|Any CPU
		{B6ABB985-8122-4A94-97D6-11CDE254ECDA}.Debug|Any CPU.Build.0 = Debug|Any CPU
		{B6ABB985-8122-4A94-97D6-11CDE254ECDA}.Release|Any CPU.ActiveCfg = Release|Any CPU
		{B6ABB985-8122-4A94-97D6-11CDE254ECDA}.Release|Any CPU.Build.0 = Release|Any CPU
		{3440740A-E7D1-4C38-BFAF-3597BF535CB3}.Debug|Any CPU.ActiveCfg = Debug|Any CPU
		{3440740A-E7D1-4C38-BFAF-3597BF535CB3}.Debug|Any CPU.Build.0 = Debug|Any CPU
		{3440740A-E7D1-4C38-BFAF-3597BF535CB3}.Release|Any CPU.ActiveCfg = Release|Any CPU
		{3440740A-E7D1-4C38-BFAF-3597BF535CB3}.Release|Any CPU.Build.0 = Release|Any CPU
		{13D6026C-2A0A-4EE3-9F77-AB0AA05CEEDE}.Debug|Any CPU.ActiveCfg = Debug|Any CPU
		{13D6026C-2A0A-4EE3-9F77-AB0AA05CEEDE}.Debug|Any CPU.Build.0 = Debug|Any CPU
		{13D6026C-2A0A-4EE3-9F77-AB0AA05CEEDE}.Release|Any CPU.ActiveCfg = Release|Any CPU
		{13D6026C-2A0A-4EE3-9F77-AB0AA05CEEDE}.Release|Any CPU.Build.0 = Release|Any CPU
		{7B630739-AA90-458D-A638-973145C7FC0F}.Debug|Any CPU.ActiveCfg = Debug|Any CPU
		{7B630739-AA90-458D-A638-973145C7FC0F}.Debug|Any CPU.Build.0 = Debug|Any CPU
		{7B630739-AA90-458D-A638-973145C7FC0F}.Release|Any CPU.ActiveCfg = Release|Any CPU
		{7B630739-AA90-458D-A638-973145C7FC0F}.Release|Any CPU.Build.0 = Release|Any CPU
	EndGlobalSection
	GlobalSection(SolutionProperties) = preSolution
		HideSolutionNode = FALSE
	EndGlobalSection
	GlobalSection(ExtensibilityGlobals) = postSolution
		SolutionGuid = {5348CDC1-517C-42FC-8F44-9CB21BEFF799}
	EndGlobalSection
EndGlobal
